{
  "name": "applause-worker",
  "version": "1.0.0",
  "lockfileVersion": 1,
  "requires": true,
  "dependencies": {
    "base64-encoding": {
      "version": "0.2.0",
      "resolved": "https://registry.npmjs.org/base64-encoding/-/base64-encoding-0.2.0.tgz",
      "integrity": "sha512-ZBKn1YV2jLg2lDjXQU3KGlglfD3jS+vsP+MgGsADnIkyOyER1SbXVdaJJoi9qsS+dX+BRtNhNt38VkWojJvZUw=="
    },
    "node-get-random-values": {
      "version": "1.0.0",
      "resolved": "https://registry.npmjs.org/node-get-random-values/-/node-get-random-values-1.0.0.tgz",
      "integrity": "sha512-rj6zr56ARp1XUilAFI/m2o6xM/YdpZqsxydnFpX7vYoS4IZz+3TudE2GjtN1nLYDbRbywPcosNffEj8gIG7y0g=="
    },
    "prettier": {
      "version": "1.19.1",
      "resolved": "https://registry.npmjs.org/prettier/-/prettier-1.19.1.tgz",
      "integrity": "sha512-s7PoyDv/II1ObgQunCbB9PdLmUcBZcnWOcxDh7O0N/UwDEsHyqkW+Qh28jW+mVuCdx7gLB0BotYI1Y6uI9iyew==",
      "dev": true
    },
    "uuid-class": {
      "version": "0.2.0",
      "resolved": "https://registry.npmjs.org/uuid-class/-/uuid-class-0.2.0.tgz",
      "integrity": "sha512-kmOZjotV0K2IKCTZmhH4zz9t5cgXeusRvb+0waRtVZ7gj6KQS8P/mGnMzpt0B5pifyGi25dddeJGDP74e7o4Qw==",
      "requires": {
        "node-get-random-values": "^1.0.0"
      }
    }
  }
}
